
Microsoft Visual Studio Solution File, Format Version 12.00
Project("{FAE04EC0-301F-11D3-BF4B-00C04F79EFBC}") = "Core", "Core\Core.csproj", "{52D443D1-1D18-4B76-A6AB-5F2D8FB6F154}"
EndProject
Project("{FAE04EC0-301F-11D3-BF4B-00C04F79EFBC}") = "Client", "Client\Client.csproj", "{4A632C25-64B4-441A-B088-B3186344030E}"
EndProject
Project("{FAE04EC0-301F-11D3-BF4B-00C04F79EFBC}") = "Engine", "Engine\Engine.csproj", "{1A25C4AA-D4AB-4336-A06E-32EEAB6B0EFC}"
EndProject
Project("{FAE04EC0-301F-11D3-BF4B-00C04F79EFBC}") = "Cache", "Cache\Cache.csproj", "{57535009-3740-49C9-8490-8FACB814448B}"
EndProject
Project("{FAE04EC0-301F-11D3-BF4B-00C04F79EFBC}") = "Test", "Test\Test.csproj", "{317D98C0-D024-43A6-ADC6-A2D9404F3F1B}"
EndProject
Global
	GlobalSection(SolutionConfigurationPlatforms) = preSolution
		Debug|Any CPU = Debug|Any CPU
		Release|Any CPU = Release|Any CPU
	EndGlobalSection
	GlobalSection(ProjectConfigurationPlatforms) = postSolution
		{52D443D1-1D18-4B76-A6AB-5F2D8FB6F154}.Debug|Any CPU.ActiveCfg = Debug|Any CPU
		{52D443D1-1D18-4B76-A6AB-5F2D8FB6F154}.Debug|Any CPU.Build.0 = Debug|Any CPU
		{52D443D1-1D18-4B76-A6AB-5F2D8FB6F154}.Release|Any CPU.ActiveCfg = Release|Any CPU
		{52D443D1-1D18-4B76-A6AB-5F2D8FB6F154}.Release|Any CPU.Build.0 = Release|Any CPU
		{4A632C25-64B4-441A-B088-B3186344030E}.Debug|Any CPU.ActiveCfg = Debug|Any CPU
		{4A632C25-64B4-441A-B088-B3186344030E}.Debug|Any CPU.Build.0 = Debug|Any CPU
		{4A632C25-64B4-441A-B088-B3186344030E}.Release|Any CPU.ActiveCfg = Release|Any CPU
		{4A632C25-64B4-441A-B088-B3186344030E}.Release|Any CPU.Build.0 = Release|Any CPU
		{1A25C4AA-D4AB-4336-A06E-32EEAB6B0EFC}.Debug|Any CPU.ActiveCfg = Debug|Any CPU
		{1A25C4AA-D4AB-4336-A06E-32EEAB6B0EFC}.Debug|Any CPU.Build.0 = Debug|Any CPU
		{1A25C4AA-D4AB-4336-A06E-32EEAB6B0EFC}.Release|Any CPU.ActiveCfg = Release|Any CPU
		{1A25C4AA-D4AB-4336-A06E-32EEAB6B0EFC}.Release|Any CPU.Build.0 = Release|Any CPU
		{57535009-3740-49C9-8490-8FACB814448B}.Debug|Any CPU.ActiveCfg = Debug|Any CPU
		{57535009-3740-49C9-8490-8FACB814448B}.Debug|Any CPU.Build.0 = Debug|Any CPU
		{57535009-3740-49C9-8490-8FACB814448B}.Release|Any CPU.ActiveCfg = Release|Any CPU
		{57535009-3740-49C9-8490-8FACB814448B}.Release|Any CPU.Build.0 = Release|Any CPU
		{317D98C0-D024-43A6-ADC6-A2D9404F3F1B}.Debug|Any CPU.ActiveCfg = Debug|Any CPU
		{317D98C0-D024-43A6-ADC6-A2D9404F3F1B}.Debug|Any CPU.Build.0 = Debug|Any CPU
		{317D98C0-D024-43A6-ADC6-A2D9404F3F1B}.Release|Any CPU.ActiveCfg = Release|Any CPU
		{317D98C0-D024-43A6-ADC6-A2D9404F3F1B}.Release|Any CPU.Build.0 = Release|Any CPU
	EndGlobalSection
EndGlobal
